
Microsoft Visual Studio Solution File, Format Version 12.00
# Visual Studio Version 17
VisualStudioVersion = 17.6.33723.286
MinimumVisualStudioVersion = 10.0.40219.1
Project("{FAE04EC0-301F-11D3-BF4B-00C04F79EFBC}") = "LaboratorioComponentes", "LaboratorioComponentes\LaboratorioComponentes.csproj", "{C23CDB60-0DB3-4A33-BEE9-5AF897D16D17}"
EndProject
Global
	GlobalSection(SolutionConfigurationPlatforms) = preSolution
		Debug|Any CPU = Debug|Any CPU
		Release|Any CPU = Release|Any CPU
	EndGlobalSection
	GlobalSection(ProjectConfigurationPlatforms) = postSolution
		{C23CDB60-0DB3-4A33-BEE9-5AF897D16D17}.Debug|Any CPU.ActiveCfg = Debug|Any CPU
		{C23CDB60-0DB3-4A33-BEE9-5AF897D16D17}.Debug|Any CPU.Build.0 = Debug|Any CPU
		{C23CDB60-0DB3-4A33-BEE9-5AF897D16D17}.Release|Any CPU.ActiveCfg = Release|Any CPU
		{C23CDB60-0DB3-4A33-BEE9-5AF897D16D17}.Release|Any CPU.Build.0 = Release|Any CPU
	EndGlobalSection
	GlobalSection(SolutionProperties) = preSolution
		HideSolutionNode = FALSE
	EndGlobalSection
	GlobalSection(ExtensibilityGlobals) = postSolution
		SolutionGuid = {DD2E2082-4BA2-4308-899C-9B4BE47C89AC}
	EndGlobalSection
EndGlobal
